Microsoft Visual Studio Solution File, Format Version 12.00
# Visual Studio Version 17
VisualStudioVersion = 17.5.2.0
MinimumVisualStudioVersion = 10.0.40219.1
Project("{2150E333-8FDC-42A3-9474-1A3956D46DE8}") = "saod", "saod", "{88A56E3F-8A65-B84C-1BEC-2F6F2B185FB3}"
EndProject
Project("{FAE04EC0-301F-11D3-BF4B-00C04F79EFBC}") = "substringFound", "saod\substringFound\substringFound.csproj", "{9F3D5F72-35D1-EB7E-C45C-F5B075DAA305}"
EndProject
Global
	GlobalSection(SolutionConfigurationPlatforms) = preSolution
		Debug|Any CPU = Debug|Any CPU
		Release|Any CPU = Release|Any CPU
	EndGlobalSection
	GlobalSection(ProjectConfigurationPlatforms) = postSolution
		{9F3D5F72-35D1-EB7E-C45C-F5B075DAA305}.Debug|Any CPU.ActiveCfg = Debug|Any CPU
		{9F3D5F72-35D1-EB7E-C45C-F5B075DAA305}.Debug|Any CPU.Build.0 = Debug|Any CPU
		{9F3D5F72-35D1-EB7E-C45C-F5B075DAA305}.Release|Any CPU.ActiveCfg = Release|Any CPU
		{9F3D5F72-35D1-EB7E-C45C-F5B075DAA305}.Release|Any CPU.Build.0 = Release|Any CPU
	EndGlobalSection
	GlobalSection(SolutionProperties) = preSolution
		HideSolutionNode = FALSE
	EndGlobalSection
	GlobalSection(NestedProjects) = preSolution
		{9F3D5F72-35D1-EB7E-C45C-F5B075DAA305} = {88A56E3F-8A65-B84C-1BEC-2F6F2B185FB3}
	EndGlobalSection
	GlobalSection(ExtensibilityGlobals) = postSolution
		SolutionGuid = {538355EA-2509-43D2-9F64-835FB04A62BF}
	EndGlobalSection
EndGlobal
